// !$*UTF8*$!
{
	archiveVersion = 1;
	classes = {
	};
	objectVersion = 50;
	objects = {

/* Begin PBXBuildFile section */
		2F7718CF2265EDD100AFFEBF /* main.cpp in Sources */ = {isa = PBXBuildFile; fileRef = 2F7718CE2265EDD100AFFEBF /* main.cpp */; };
		2F7718DA22673C9B00AFFEBF /* main.cpp in Sources */ = {isa = PBXBuildFile; fileRef = 2F7718D922673C9B00AFFEBF /* main.cpp */; };
		2F7718E5226742B600AFFEBF /* main.cpp in Sources */ = {isa = PBXBuildFile; fileRef = 2F7718E4226742B600AFFEBF /* main.cpp */; };
		2FD41A4E2264DD5100732160 /* main.cpp in Sources */ = {isa = PBXBuildFile; fileRef = 2FD41A4D2264DD5100732160 /* main.cpp */; };
/* End PBXBuildFile section */

/* Begin PBXCopyFilesBuildPhase section */
		2F7718BF2265ED7800AFFEBF /* CopyFiles */ = {
			isa = PBXCopyFilesBuildPhase;
			buildActionMask = 2147483647;
			dstPath = /usr/share/man/man1/;
			dstSubfolderSpec = 0;
			files = (
			);
			runOnlyForDeploymentPostprocessing = 1;
		};
		2F7718CA2265EDD100AFFEBF /* CopyFiles */ = {
			isa = PBXCopyFilesBuildPhase;
			buildActionMask = 2147483647;
			dstPath = /usr/share/man/man1/;
			dstSubfolderSpec = 0;
			files = (
			);
			runOnlyForDeploymentPostprocessing = 1;
		};
		2F7718D522673C9B00AFFEBF /* CopyFiles */ = {
			isa = PBXCopyFilesBuildPhase;
			buildActionMask = 2147483647;
			dstPath = /usr/share/man/man1/;
			dstSubfolderSpec = 0;
			files = (
			);
			runOnlyForDeploymentPostprocessing = 1;
		};
		2F7718E0226742B600AFFEBF /* CopyFiles */ = {
			isa = PBXCopyFilesBuildPhase;
			buildActionMask = 2147483647;
			dstPath = /usr/share/man/man1/;
			dstSubfolderSpec = 0;
			files = (
			);
			runOnlyForDeploymentPostprocessing = 1;
		};
		2FD41A482264DD5100732160 /* CopyFiles */ = {
			isa = PBXCopyFilesBuildPhase;
			buildActionMask = 2147483647;
			dstPath = /usr/share/man/man1/;
			dstSubfolderSpec = 0;
			files = (
			);
			runOnlyForDeploymentPostprocessing = 1;
		};
/* End PBXCopyFilesBuildPhase section */

/* Begin PBXFileReference section */
		2F7718C12265ED7800AFFEBF /* 02_namespace */ = {isa = PBXFileReference; explicitFileType = "compiled.mach-o.executable"; includeInIndex = 0; path = 02_namespace; sourceTree = BUILT_PRODUCTS_DIR; };
		2F7718CC2265EDD100AFFEBF /* 02_Namespace */ = {isa = PBXFileReference; explicitFileType = "compiled.mach-o.executable"; includeInIndex = 0; path = 02_Namespace; sourceTree = BUILT_PRODUCTS_DIR; };
		2F7718CE2265EDD100AFFEBF /* main.cpp */ = {isa = PBXFileReference; lastKnownFileType = sourcecode.cpp.cpp; path = main.cpp; sourceTree = "<group>"; };
		2F7718D722673C9B00AFFEBF /* 02_const */ = {isa = PBXFileReference; explicitFileType = "compiled.mach-o.executable"; includeInIndex = 0; path = 02_const; sourceTree = BUILT_PRODUCTS_DIR; };
		2F7718D922673C9B00AFFEBF /* main.cpp */ = {isa = PBXFileReference; lastKnownFileType = sourcecode.cpp.cpp; path = main.cpp; sourceTree = "<group>"; };
		2F7718E2226742B600AFFEBF /* 04_Reference */ = {isa = PBXFileReference; explicitFileType = "compiled.mach-o.executable"; includeInIndex = 0; path = 04_Reference; sourceTree = BUILT_PRODUCTS_DIR; };
		2F7718E4226742B600AFFEBF /* main.cpp */ = {isa = PBXFileReference; lastKnownFileType = sourcecode.cpp.cpp; path = main.cpp; sourceTree = "<group>"; };
		2FD41A4A2264DD5100732160 /* CPP_Study */ = {isa = PBXFileReference; explicitFileType = "compiled.mach-o.executable"; includeInIndex = 0; path = CPP_Study; sourceTree = BUILT_PRODUCTS_DIR; };
		2FD41A4D2264DD5100732160 /* main.cpp */ = {isa = PBXFileReference; lastKnownFileType = sourcecode.cpp.cpp; path = main.cpp; sourceTree = "<group>"; };
/* End PBXFileReference section */

/* Begin PBXFrameworksBuildPhase section */
		2F7718BE2265ED7800AFFEBF /* Frameworks */ = {
			isa = PBXFrameworksBuildPhase;
			buildActionMask = 2147483647;
			files = (
			);
			runOnlyForDeploymentPostprocessing = 0;
		};
		2F7718C92265EDD100AFFEBF /* Frameworks */ = {
			isa = PBXFrameworksBuildPhase;
			buildActionMask = 2147483647;
			files = (
			);
			runOnlyForDeploymentPostprocessing = 0;
		};
		2F7718D422673C9B00AFFEBF /* Frameworks */ = {
			isa = PBXFrameworksBuildPhase;
			buildActionMask = 2147483647;
			files = (
			);
			runOnlyForDeploymentPostprocessing = 0;
		};
		2F7718DF226742B600AFFEBF /* Frameworks */ = {
			isa = PBXFrameworksBuildPhase;
			buildActionMask = 2147483647;
			files = (
			);
			runOnlyForDeploymentPostprocessing = 0;
		};
		2FD41A472264DD5100732160 /* Frameworks */ = {
			isa = PBXFrameworksBuildPhase;
			buildActionMask = 2147483647;
			files = (
			);
			runOnlyForDeploymentPostprocessing = 0;
		};
/* End PBXFrameworksBuildPhase section */

/* Begin PBXGroup section */
		2F7718CD2265EDD100AFFEBF /* 02_Namespace */ = {
			isa = PBXGroup;
			children = (
				2F7718CE2265EDD100AFFEBF /* main.cpp */,
			);
			path = 02_Namespace;
			sourceTree = "<group>";
		};
		2F7718D822673C9B00AFFEBF /* 03_const */ = {
			isa = PBXGroup;
			children = (
				2F7718D922673C9B00AFFEBF /* main.cpp */,
			);
			path = 03_const;
			sourceTree = "<group>";
		};
		2F7718E3226742B600AFFEBF /* 04_Reference */ = {
			isa = PBXGroup;
			children = (
				2F7718E4226742B600AFFEBF /* main.cpp */,
			);
			path = 04_Reference;
			sourceTree = "<group>";
		};
		2FD41A412264DD5100732160 = {
			isa = PBXGroup;
			children = (
				2FD41A4C2264DD5100732160 /* 01_Class */,
				2F7718CD2265EDD100AFFEBF /* 02_Namespace */,
				2F7718D822673C9B00AFFEBF /* 03_const */,
				2F7718E3226742B600AFFEBF /* 04_Reference */,
				2FD41A4B2264DD5100732160 /* Products */,
			);
			sourceTree = "<group>";
		};
		2FD41A4B2264DD5100732160 /* Products */ = {
			isa = PBXGroup;
			children = (
				2FD41A4A2264DD5100732160 /* CPP_Study */,
				2F7718C12265ED7800AFFEBF /* 02_namespace */,
				2F7718CC2265EDD100AFFEBF /* 02_Namespace */,
				2F7718D722673C9B00AFFEBF /* 02_const */,
				2F7718E2226742B600AFFEBF /* 04_Reference */,
			);
			name = Products;
			sourceTree = "<group>";
		};
		2FD41A4C2264DD5100732160 /* 01_Class */ = {
			isa = PBXGroup;
			children = (
				2FD41A4D2264DD5100732160 /* main.cpp */,
			);
			path = 01_Class;
			sourceTree = "<group>";
		};
/* End PBXGroup section */

/* Begin PBXNativeTarget section */
		2F7718C02265ED7800AFFEBF /* 02_namespace */ = {
			isa = PBXNativeTarget;
			buildConfigurationList = 2F7718C52265ED7800AFFEBF /* Build configuration list for PBXNativeTarget "02_namespace" */;
			buildPhases = (
				2F7718BD2265ED7800AFFEBF /* Sources */,
				2F7718BE2265ED7800AFFEBF /* Frameworks */,
				2F7718BF2265ED7800AFFEBF /* CopyFiles */,
			);
			buildRules = (
			);
			dependencies = (
			);
			name = 02_namespace;
			productName = 02_namespace;
			productReference = 2F7718C12265ED7800AFFEBF /* 02_namespace */;
			productType = "com.apple.product-type.tool";
		};
		2F7718CB2265EDD100AFFEBF /* 02_Namespace */ = {
			isa = PBXNativeTarget;
			buildConfigurationList = 2F7718D02265EDD100AFFEBF /* Build configuration list for PBXNativeTarget "02_Namespace" */;
			buildPhases = (
				2F7718C82265EDD100AFFEBF /* Sources */,
				2F7718C92265EDD100AFFEBF /* Frameworks */,
				2F7718CA2265EDD100AFFEBF /* CopyFiles */,
			);
			buildRules = (
			);
			dependencies = (
			);
			name = 02_Namespace;
			productName = 02_Namespace;
			productReference = 2F7718CC2265EDD100AFFEBF /* 02_Namespace */;
			productType = "com.apple.product-type.tool";
		};
		2F7718D622673C9B00AFFEBF /* 02_const */ = {
			isa = PBXNativeTarget;
			buildConfigurationList = 2F7718DD22673C9B00AFFEBF /* Build configuration list for PBXNativeTarget "02_const" */;
			buildPhases = (
				2F7718D322673C9B00AFFEBF /* Sources */,
				2F7718D422673C9B00AFFEBF /* Frameworks */,
				2F7718D522673C9B00AFFEBF /* CopyFiles */,
			);
			buildRules = (
			);
			dependencies = (
			);
			name = 02_const;
			productName = 02_const;
			productReference = 2F7718D722673C9B00AFFEBF /* 02_const */;
			productType = "com.apple.product-type.tool";
		};
		2F7718E1226742B600AFFEBF /* 04_Reference */ = {
			isa = PBXNativeTarget;
			buildConfigurationList = 2F7718E6226742B600AFFEBF /* Build configuration list for PBXNativeTarget "04_Reference" */;
			buildPhases = (
				2F7718DE226742B600AFFEBF /* Sources */,
				2F7718DF226742B600AFFEBF /* Frameworks */,
				2F7718E0226742B600AFFEBF /* CopyFiles */,
			);
			buildRules = (
			);
			dependencies = (
			);
			name = 04_Reference;
			productName = 04_Reference;
			productReference = 2F7718E2226742B600AFFEBF /* 04_Reference */;
			productType = "com.apple.product-type.tool";
		};
		2FD41A492264DD5100732160 /* CPP_Study */ = {
			isa = PBXNativeTarget;
			buildConfigurationList = 2FD41A512264DD5100732160 /* Build configuration list for PBXNativeTarget "CPP_Study" */;
			buildPhases = (
				2FD41A462264DD5100732160 /* Sources */,
				2FD41A472264DD5100732160 /* Frameworks */,
				2FD41A482264DD5100732160 /* CopyFiles */,
			);
			buildRules = (
			);
			dependencies = (
			);
			name = CPP_Study;
			productName = CPP_Study;
			productReference = 2FD41A4A2264DD5100732160 /* CPP_Study */;
			productType = "com.apple.product-type.tool";
		};
/* End PBXNativeTarget section */

/* Begin PBXProject section */
		2FD41A422264DD5100732160 /* Project object */ = {
			isa = PBXProject;
			attributes = {
				LastUpgradeCheck = 1010;
				ORGANIZATIONNAME = majortom;
				TargetAttributes = {
					2F7718C02265ED7800AFFEBF = {
						CreatedOnToolsVersion = 10.1;
					};
					2F7718CB2265EDD100AFFEBF = {
						CreatedOnToolsVersion = 10.1;
					};
					2F7718D622673C9B00AFFEBF = {
						CreatedOnToolsVersion = 10.1;
					};
					2F7718E1226742B600AFFEBF = {
						CreatedOnToolsVersion = 10.1;
					};
					2FD41A492264DD5100732160 = {
						CreatedOnToolsVersion = 10.1;
					};
				};
			};
			buildConfigurationList = 2FD41A452264DD5100732160 /* Build configuration list for PBXProject "CPP_Study" */;
			compatibilityVersion = "Xcode 9.3";
			developmentRegion = en;
			hasScannedForEncodings = 0;
			knownRegions = (
				en,
			);
			mainGroup = 2FD41A412264DD5100732160;
			productRefGroup = 2FD41A4B2264DD5100732160 /* Products */;
			projectDirPath = "";
			projectRoot = "";
			targets = (
				2FD41A492264DD5100732160 /* CPP_Study */,
				2F7718C02265ED7800AFFEBF /* 02_namespace */,
				2F7718CB2265EDD100AFFEBF /* 02_Namespace */,
				2F7718D622673C9B00AFFEBF /* 02_const */,
				2F7718E1226742B600AFFEBF /* 04_Reference */,
			);
		};
/* End PBXProject section */

/* Begin PBXSourcesBuildPhase section */
		2F7718BD2265ED7800AFFEBF /* Sources */ = {
			isa = PBXSourcesBuildPhase;
			buildActionMask = 2147483647;
			files = (
			);
			runOnlyForDeploymentPostprocessing = 0;
		};
		2F7718C82265EDD100AFFEBF /* Sources */ = {
			isa = PBXSourcesBuildPhase;
			buildActionMask = 2147483647;
			files = (
				2F7718CF2265EDD100AFFEBF /* main.cpp in Sources */,
			);
			runOnlyForDeploymentPostprocessing = 0;
		};
		2F7718D322673C9B00AFFEBF /* Sources */ = {
			isa = PBXSourcesBuildPhase;
			buildActionMask = 2147483647;
			files = (
				2F7718DA22673C9B00AFFEBF /* main.cpp in Sources */,
			);
			runOnlyForDeploymentPostprocessing = 0;
		};
		2F7718DE226742B600AFFEBF /* Sources */ = {
			isa = PBXSourcesBuildPhase;
			buildActionMask = 2147483647;
			files = (
				2F7718E5226742B600AFFEBF /* main.cpp in Sources */,
			);
			runOnlyForDeploymentPostprocessing = 0;
		};
		2FD41A462264DD5100732160 /* Sources */ = {
			isa = PBXSourcesBuildPhase;
			buildActionMask = 2147483647;
			files = (
				2FD41A4E2264DD5100732160 /* main.cpp in Sources */,
			);
			runOnlyForDeploymentPostprocessing = 0;
		};
/* End PBXSourcesBuildPhase section */

/* Begin XCBuildConfiguration section */
		2F7718C62265ED7800AFFEBF /* Debug */ = {
			isa = XCBuildConfiguration;
			buildSettings = {
				CODE_SIGN_STYLE = Automatic;
				PRODUCT_NAME = "$(TARGET_NAME)";
			};
			name = Debug;
		};
		2F7718C72265ED7800AFFEBF /* Release */ = {
			isa = XCBuildConfiguration;
			buildSettings = {
				CODE_SIGN_STYLE = Automatic;
				PRODUCT_NAME = "$(TARGET_NAME)";
			};
			name = Release;
		};
		2F7718D12265EDD100AFFEBF /* Debug */ = {
			isa = XCBuildConfiguration;
			buildSettings = {
				CODE_SIGN_STYLE = Automatic;
				PRODUCT_NAME = "$(TARGET_NAME)";
			};
			name = Debug;
		};
		2F7718D22265EDD100AFFEBF /* Release */ = {
			isa = XCBuildConfiguration;
			buildSettings = {
				CODE_SIGN_STYLE = Automatic;
				PRODUCT_NAME = "$(TARGET_NAME)";
			};
			name = Release;
		};
		2F7718DB22673C9B00AFFEBF /* Debug */ = {
			isa = XCBuildConfiguration;
			buildSettings = {
				CODE_SIGN_STYLE = Automatic;
				PRODUCT_NAME = "$(TARGET_NAME)";
			};
			name = Debug;
		};
		2F7718DC22673C9B00AFFEBF /* Release */ = {
			isa = XCBuildConfiguration;
			buildSettings = {
				CODE_SIGN_STYLE = Automatic;
				PRODUCT_NAME = "$(TARGET_NAME)";
			};
			name = Release;
		};
		2F7718E7226742B600AFFEBF /* Debug */ = {
			isa = XCBuildConfiguration;
			buildSettings = {
				CODE_SIGN_STYLE = Automatic;
				PRODUCT_NAME = "$(TARGET_NAME)";
			};
			name = Debug;
		};
		2F7718E8226742B600AFFEBF /* Release */ = {
			isa = XCBuildConfiguration;
			buildSettings = {
				CODE_SIGN_STYLE = Automatic;
				PRODUCT_NAME = "$(TARGET_NAME)";
			};
			name = Release;
		};
		2FD41A4F2264DD5100732160 /* Debug */ = {
			isa = XCBuildConfiguration;
			buildSettings = {
				ALWAYS_SEARCH_USER_PATHS = NO;
				CLANG_ANALYZER_NONNULL = YES;
				CLANG_ANALYZER_NUMBER_OBJECT_CONVERSION = YES_AGGRESSIVE;
				CLANG_CXX_LANGUAGE_STANDARD = "gnu++14";
				CLANG_CXX_LIBRARY = "libc++";
				CLANG_ENABLE_MODULES = YES;
				CLANG_ENABLE_OBJC_ARC = YES;
				CLANG_ENABLE_OBJC_WEAK = YES;
				CLANG_WARN_BLOCK_CAPTURE_AUTORELEASING = YES;
				CLANG_WARN_BOOL_CONVERSION = YES;
				CLANG_WARN_COMMA = YES;
				CLANG_WARN_CONSTANT_CONVERSION = YES;
				CLANG_WARN_DEPRECATED_OBJC_IMPLEMENTATIONS = YES;
				CLANG_WARN_DIRECT_OBJC_ISA_USAGE = YES_ERROR;
				CLANG_WARN_DOCUMENTATION_COMMENTS = YES;
				CLANG_WARN_EMPTY_BODY = YES;
				CLANG_WARN_ENUM_CONVERSION = YES;
				CLANG_WARN_INFINITE_RECURSION = YES;
				CLANG_WARN_INT_CONVERSION = YES;
				CLANG_WARN_NON_LITERAL_NULL_CONVERSION = YES;
				CLANG_WARN_OBJC_IMPLICIT_RETAIN_SELF = YES;
				CLANG_WARN_OBJC_LITERAL_CONVERSION = YES;
				CLANG_WARN_OBJC_ROOT_CLASS = YES_ERROR;
				CLANG_WARN_RANGE_LOOP_ANALYSIS = YES;
				CLANG_WARN_STRICT_PROTOTYPES = YES;
				CLANG_WARN_SUSPICIOUS_MOVE = YES;
				CLANG_WARN_UNGUARDED_AVAILABILITY = YES_AGGRESSIVE;
				CLANG_WARN_UNREACHABLE_CODE = YES;
				CLANG_WARN__DUPLICATE_METHOD_MATCH = YES;
				CODE_SIGN_IDENTITY = "-";
				COPY_PHASE_STRIP = NO;
				DEBUG_INFORMATION_FORMAT = dwarf;
				ENABLE_STRICT_OBJC_MSGSEND = YES;
				ENABLE_TESTABILITY = YES;
				GCC_C_LANGUAGE_STANDARD = gnu11;
				GCC_DYNAMIC_NO_PIC = NO;
				GCC_NO_COMMON_BLOCKS = YES;
				GCC_OPTIMIZATION_LEVEL = 0;
				GCC_PREPROCESSOR_DEFINITIONS = (
					"DEBUG=1",
					"$(inherited)",
				);
				GCC_WARN_64_TO_32_BIT_CONVERSION = YES;
				GCC_WARN_ABOUT_RETURN_TYPE = YES_ERROR;
				GCC_WARN_UNDECLARED_SELECTOR = YES;
				GCC_WARN_UNINITIALIZED_AUTOS = YES_AGGRESSIVE;
				GCC_WARN_UNUSED_FUNCTION = YES;
				GCC_WARN_UNUSED_VARIABLE = YES;
				MACOSX_DEPLOYMENT_TARGET = 10.13;
				MTL_ENABLE_DEBUG_INFO = INCLUDE_SOURCE;
				MTL_FAST_MATH = YES;
				ONLY_ACTIVE_ARCH = YES;
				SDKROOT = macosx;
			};
			name = Debug;
		};
		2FD41A502264DD5100732160 /* Release */ = {
			isa = XCBuildConfiguration;
			buildSettings = {
				ALWAYS_SEARCH_USER_PATHS = NO;
				CLANG_ANALYZER_NONNULL = YES;
				CLANG_ANALYZER_NUMBER_OBJECT_CONVERSION = YES_AGGRESSIVE;
				CLANG_CXX_LANGUAGE_STANDARD = "gnu++14";
				CLANG_CXX_LIBRARY = "libc++";
				CLANG_ENABLE_MODULES = YES;
				CLANG_ENABLE_OBJC_ARC = YES;
				CLANG_ENABLE_OBJC_WEAK = YES;
				CLANG_WARN_BLOCK_CAPTURE_AUTORELEASING = YES;
				CLANG_WARN_BOOL_CONVERSION = YES;
				CLANG_WARN_COMMA = YES;
				CLANG_WARN_CONSTANT_CONVERSION = YES;
				CLANG_WARN_DEPRECATED_OBJC_IMPLEMENTATIONS = YES;
				CLANG_WARN_DIRECT_OBJC_ISA_USAGE = YES_ERROR;
				CLANG_WARN_DOCUMENTATION_COMMENTS = YES;
				CLANG_WARN_EMPTY_BODY = YES;
				CLANG_WARN_ENUM_CONVERSION = YES;
				CLANG_WARN_INFINITE_RECURSION = YES;
				CLANG_WARN_INT_CONVERSION = YES;
				CLANG_WARN_NON_LITERAL_NULL_CONVERSION = YES;
				CLANG_WARN_OBJC_IMPLICIT_RETAIN_SELF = YES;
				CLANG_WARN_OBJC_LITERAL_CONVERSION = YES;
				CLANG_WARN_OBJC_ROOT_CLASS = YES_ERROR;
				CLANG_WARN_RANGE_LOOP_ANALYSIS = YES;
				CLANG_WARN_STRICT_PROTOTYPES = YES;
				CLANG_WARN_SUSPICIOUS_MOVE = YES;
				CLANG_WARN_UNGUARDED_AVAILABILITY = YES_AGGRESSIVE;
				CLANG_WARN_UNREACHABLE_CODE = YES;
				CLANG_WARN__DUPLICATE_METHOD_MATCH = YES;
				CODE_SIGN_IDENTITY = "-";
				COPY_PHASE_STRIP = NO;
				DEBUG_INFORMATION_FORMAT = "dwarf-with-dsym";
				ENABLE_NS_ASSERTIONS = NO;
				ENABLE_STRICT_OBJC_MSGSEND = YES;
				GCC_C_LANGUAGE_STANDARD = gnu11;
				GCC_NO_COMMON_BLOCKS = YES;
				GCC_WARN_64_TO_32_BIT_CONVERSION = YES;
				GCC_WARN_ABOUT_RETURN_TYPE = YES_ERROR;
				GCC_WARN_UNDECLARED_SELECTOR = YES;
				GCC_WARN_UNINITIALIZED_AUTOS = YES_AGGRESSIVE;
				GCC_WARN_UNUSED_FUNCTION = YES;
				GCC_WARN_UNUSED_VARIABLE = YES;
				MACOSX_DEPLOYMENT_TARGET = 10.13;
				MTL_ENABLE_DEBUG_INFO = NO;
				MTL_FAST_MATH = YES;
				SDKROOT = macosx;
			};
			name = Release;
		};
		2FD41A522264DD5100732160 /* Debug */ = {
			isa = XCBuildConfiguration;
			buildSettings = {
				CODE_SIGN_STYLE = Automatic;
				PRODUCT_NAME = "$(TARGET_NAME)";
			};
			name = Debug;
		};
		2FD41A532264DD5100732160 /* Release */ = {
			isa = XCBuildConfiguration;
			buildSettings = {
				CODE_SIGN_STYLE = Automatic;
				PRODUCT_NAME = "$(TARGET_NAME)";
			};
			name = Release;
		};
/* End XCBuildConfiguration section */

/* Begin XCConfigurationList section */
		2F7718C52265ED7800AFFEBF /* Build configuration list for PBXNativeTarget "02_namespace" */ = {
			isa = XCConfigurationList;
			buildConfigurations = (
				2F7718C62265ED7800AFFEBF /* Debug */,
				2F7718C72265ED7800AFFEBF /* Release */,
			);
			defaultConfigurationIsVisible = 0;
			defaultConfigurationName = Release;
		};
		2F7718D02265EDD100AFFEBF /* Build configuration list for PBXNativeTarget "02_Namespace" */ = {
			isa = XCConfigurationList;
			buildConfigurations = (
				2F7718D12265EDD100AFFEBF /* Debug */,
				2F7718D22265EDD100AFFEBF /* Release */,
			);
			defaultConfigurationIsVisible = 0;
			defaultConfigurationName = Release;
		};
		2F7718DD22673C9B00AFFEBF /* Build configuration list for PBXNativeTarget "02_const" */ = {
			isa = XCConfigurationList;
			buildConfigurations = (
				2F7718DB22673C9B00AFFEBF /* Debug */,
				2F7718DC22673C9B00AFFEBF /* Release */,
			);
			defaultConfigurationIsVisible = 0;
			defaultConfigurationName = Release;
		};
		2F7718E6226742B600AFFEBF /* Build configuration list for PBXNativeTarget "04_Reference" */ = {
			isa = XCConfigurationList;
			buildConfigurations = (
				2F7718E7226742B600AFFEBF /* Debug */,
				2F7718E8226742B600AFFEBF /* Release */,
			);
			defaultConfigurationIsVisible = 0;
			defaultConfigurationName = Release;
		};
		2FD41A452264DD5100732160 /* Build configuration list for PBXProject "CPP_Study" */ = {
			isa = XCConfigurationList;
			buildConfigurations = (
				2FD41A4F2264DD5100732160 /* Debug */,
				2FD41A502264DD5100732160 /* Release */,
			);
			defaultConfigurationIsVisible = 0;
			defaultConfigurationName = Release;
		};
		2FD41A512264DD5100732160 /* Build configuration list for PBXNativeTarget "CPP_Study" */ = {
			isa = XCConfigurationList;
			buildConfigurations = (
				2FD41A522264DD5100732160 /* Debug */,
				2FD41A532264DD5100732160 /* Release */,
			);
			defaultConfigurationIsVisible = 0;
			defaultConfigurationName = Release;
		};
/* End XCConfigurationList section */
	};
	rootObject = 2FD41A422264DD5100732160 /* Project object */;
}
