
Microsoft Visual Studio Solution File, Format Version 12.00
# Visual Studio 15
VisualStudioVersion = 15.0.27703.2035
MinimumVisualStudioVersion = 10.0.40219.1
Project("{8BC9CEB8-8B4A-11D0-8D11-00A0C91BC942}") = "00_HelloWorld", "00_HelloWorld\00_HelloWorld.vcxproj", "{E3AA1B18-389B-4DB2-AECB-E7AA16764AAB}"
EndProject
Project("{8BC9CEB8-8B4A-11D0-8D11-00A0C91BC942}") = "02_数据类型", "02_数据类型\02_数据类型.vcxproj", "{C2290797-C0BA-4AC3-8DC8-66AE5DEF12D4}"
EndProject
Project("{8BC9CEB8-8B4A-11D0-8D11-00A0C91BC942}") = "03_输入输出", "03_输入输出\03_输入输出.vcxproj", "{48D44ABE-32A3-40DC-AF0B-4300530C388D}"
EndProject
Project("{8BC9CEB8-8B4A-11D0-8D11-00A0C91BC942}") = "04_运算符", "04_运算符\04_运算符.vcxproj", "{A68C0EA9-649A-46A8-880A-1D517E99606C}"
EndProject
Project("{8BC9CEB8-8B4A-11D0-8D11-00A0C91BC942}") = "05_循环", "05_循环\05_循环.vcxproj", "{703E216B-9285-4C11-AD05-1491B14C5C87}"
EndProject
Project("{8BC9CEB8-8B4A-11D0-8D11-00A0C91BC942}") = "06_函数", "06_函数\06_函数.vcxproj", "{B4C38934-3DC2-4F3F-946D-7DD582CCD037}"
EndProject
Project("{8BC9CEB8-8B4A-11D0-8D11-00A0C91BC942}") = "07_字符串", "07_字符串\07_字符串.vcxproj", "{74929EAD-0AA6-4B2F-8926-89D8A0DD185D}"
EndProject
Project("{8BC9CEB8-8B4A-11D0-8D11-00A0C91BC942}") = "08_结构体", "08_结构体\08_结构体.vcxproj", "{32397664-963C-4236-B036-F53B5C991D55}"
EndProject
Project("{8BC9CEB8-8B4A-11D0-8D11-00A0C91BC942}") = "09_随机数", "09_随机数\09_随机数.vcxproj", "{1F21E503-7BC7-4AB6-878A-EAFA9EEB1B24}"
EndProject
Project("{8BC9CEB8-8B4A-11D0-8D11-00A0C91BC942}") = "10_枚举类型", "10_枚举类型\10_枚举类型.vcxproj", "{503BD7AE-D42C-48AB-8A7C-BD4921282E96}"
EndProject
Project("{8BC9CEB8-8B4A-11D0-8D11-00A0C91BC942}") = "11_数组", "11_数组\11_数组.vcxproj", "{E8E901A8-FE64-48A1-B480-36B7A54A8F4D}"
EndProject
Project("{8BC9CEB8-8B4A-11D0-8D11-00A0C91BC942}") = "12_指针", "12_数组\12_数组.vcxproj", "{D4E2587D-147A-4E85-B91D-7AC018742E02}"
EndProject
Project("{8BC9CEB8-8B4A-11D0-8D11-00A0C91BC942}") = "13_类", "13_类\13_类.vcxproj", "{660107EA-4486-4C23-85F6-5EE5F770A1CD}"
EndProject
Project("{8BC9CEB8-8B4A-11D0-8D11-00A0C91BC942}") = "14_object", "14_object\14_object.vcxproj", "{5414C45E-7335-4E42-8E36-9FBFDDB752E2}"
EndProject
Global
	GlobalSection(SolutionConfigurationPlatforms) = preSolution
		Debug|x64 = Debug|x64
		Debug|x86 = Debug|x86
		Release|x64 = Release|x64
		Release|x86 = Release|x86
	EndGlobalSection
	GlobalSection(ProjectConfigurationPlatforms) = postSolution
		{E3AA1B18-389B-4DB2-AECB-E7AA16764AAB}.Debug|x64.ActiveCfg = Debug|x64
		{E3AA1B18-389B-4DB2-AECB-E7AA16764AAB}.Debug|x64.Build.0 = Debug|x64
		{E3AA1B18-389B-4DB2-AECB-E7AA16764AAB}.Debug|x86.ActiveCfg = Debug|Win32
		{E3AA1B18-389B-4DB2-AECB-E7AA16764AAB}.Debug|x86.Build.0 = Debug|Win32
		{E3AA1B18-389B-4DB2-AECB-E7AA16764AAB}.Release|x64.ActiveCfg = Release|x64
		{E3AA1B18-389B-4DB2-AECB-E7AA16764AAB}.Release|x64.Build.0 = Release|x64
		{E3AA1B18-389B-4DB2-AECB-E7AA16764AAB}.Release|x86.ActiveCfg = Release|Win32
		{E3AA1B18-389B-4DB2-AECB-E7AA16764AAB}.Release|x86.Build.0 = Release|Win32
		{C2290797-C0BA-4AC3-8DC8-66AE5DEF12D4}.Debug|x64.ActiveCfg = Debug|x64
		{C2290797-C0BA-4AC3-8DC8-66AE5DEF12D4}.Debug|x64.Build.0 = Debug|x64
		{C2290797-C0BA-4AC3-8DC8-66AE5DEF12D4}.Debug|x86.ActiveCfg = Debug|Win32
		{C2290797-C0BA-4AC3-8DC8-66AE5DEF12D4}.Debug|x86.Build.0 = Debug|Win32
		{C2290797-C0BA-4AC3-8DC8-66AE5DEF12D4}.Release|x64.ActiveCfg = Release|x64
		{C2290797-C0BA-4AC3-8DC8-66AE5DEF12D4}.Release|x64.Build.0 = Release|x64
		{C2290797-C0BA-4AC3-8DC8-66AE5DEF12D4}.Release|x86.ActiveCfg = Release|Win32
		{C2290797-C0BA-4AC3-8DC8-66AE5DEF12D4}.Release|x86.Build.0 = Release|Win32
		{48D44ABE-32A3-40DC-AF0B-4300530C388D}.Debug|x64.ActiveCfg = Debug|x64
		{48D44ABE-32A3-40DC-AF0B-4300530C388D}.Debug|x64.Build.0 = Debug|x64
		{48D44ABE-32A3-40DC-AF0B-4300530C388D}.Debug|x86.ActiveCfg = Debug|Win32
		{48D44ABE-32A3-40DC-AF0B-4300530C388D}.Debug|x86.Build.0 = Debug|Win32
		{48D44ABE-32A3-40DC-AF0B-4300530C388D}.Release|x64.ActiveCfg = Release|x64
		{48D44ABE-32A3-40DC-AF0B-4300530C388D}.Release|x64.Build.0 = Release|x64
		{48D44ABE-32A3-40DC-AF0B-4300530C388D}.Release|x86.ActiveCfg = Release|Win32
		{48D44ABE-32A3-40DC-AF0B-4300530C388D}.Release|x86.Build.0 = Release|Win32
		{A68C0EA9-649A-46A8-880A-1D517E99606C}.Debug|x64.ActiveCfg = Debug|x64
		{A68C0EA9-649A-46A8-880A-1D517E99606C}.Debug|x64.Build.0 = Debug|x64
		{A68C0EA9-649A-46A8-880A-1D517E99606C}.Debug|x86.ActiveCfg = Debug|Win32
		{A68C0EA9-649A-46A8-880A-1D517E99606C}.Debug|x86.Build.0 = Debug|Win32
		{A68C0EA9-649A-46A8-880A-1D517E99606C}.Release|x64.ActiveCfg = Release|x64
		{A68C0EA9-649A-46A8-880A-1D517E99606C}.Release|x64.Build.0 = Release|x64
		{A68C0EA9-649A-46A8-880A-1D517E99606C}.Release|x86.ActiveCfg = Release|Win32
		{A68C0EA9-649A-46A8-880A-1D517E99606C}.Release|x86.Build.0 = Release|Win32
		{703E216B-9285-4C11-AD05-1491B14C5C87}.Debug|x64.ActiveCfg = Debug|x64
		{703E216B-9285-4C11-AD05-1491B14C5C87}.Debug|x64.Build.0 = Debug|x64
		{703E216B-9285-4C11-AD05-1491B14C5C87}.Debug|x86.ActiveCfg = Debug|Win32
		{703E216B-9285-4C11-AD05-1491B14C5C87}.Debug|x86.Build.0 = Debug|Win32
		{703E216B-9285-4C11-AD05-1491B14C5C87}.Release|x64.ActiveCfg = Release|x64
		{703E216B-9285-4C11-AD05-1491B14C5C87}.Release|x64.Build.0 = Release|x64
		{703E216B-9285-4C11-AD05-1491B14C5C87}.Release|x86.ActiveCfg = Release|Win32
		{703E216B-9285-4C11-AD05-1491B14C5C87}.Release|x86.Build.0 = Release|Win32
		{B4C38934-3DC2-4F3F-946D-7DD582CCD037}.Debug|x64.ActiveCfg = Debug|x64
		{B4C38934-3DC2-4F3F-946D-7DD582CCD037}.Debug|x64.Build.0 = Debug|x64
		{B4C38934-3DC2-4F3F-946D-7DD582CCD037}.Debug|x86.ActiveCfg = Debug|Win32
		{B4C38934-3DC2-4F3F-946D-7DD582CCD037}.Debug|x86.Build.0 = Debug|Win32
		{B4C38934-3DC2-4F3F-946D-7DD582CCD037}.Release|x64.ActiveCfg = Release|x64
		{B4C38934-3DC2-4F3F-946D-7DD582CCD037}.Release|x64.Build.0 = Release|x64
		{B4C38934-3DC2-4F3F-946D-7DD582CCD037}.Release|x86.ActiveCfg = Release|Win32
		{B4C38934-3DC2-4F3F-946D-7DD582CCD037}.Release|x86.Build.0 = Release|Win32
		{74929EAD-0AA6-4B2F-8926-89D8A0DD185D}.Debug|x64.ActiveCfg = Debug|x64
		{74929EAD-0AA6-4B2F-8926-89D8A0DD185D}.Debug|x64.Build.0 = Debug|x64
		{74929EAD-0AA6-4B2F-8926-89D8A0DD185D}.Debug|x86.ActiveCfg = Debug|Win32
		{74929EAD-0AA6-4B2F-8926-89D8A0DD185D}.Debug|x86.Build.0 = Debug|Win32
		{74929EAD-0AA6-4B2F-8926-89D8A0DD185D}.Release|x64.ActiveCfg = Release|x64
		{74929EAD-0AA6-4B2F-8926-89D8A0DD185D}.Release|x64.Build.0 = Release|x64
		{74929EAD-0AA6-4B2F-8926-89D8A0DD185D}.Release|x86.ActiveCfg = Release|Win32
		{74929EAD-0AA6-4B2F-8926-89D8A0DD185D}.Release|x86.Build.0 = Release|Win32
		{32397664-963C-4236-B036-F53B5C991D55}.Debug|x64.ActiveCfg = Debug|x64
		{32397664-963C-4236-B036-F53B5C991D55}.Debug|x64.Build.0 = Debug|x64
		{32397664-963C-4236-B036-F53B5C991D55}.Debug|x86.ActiveCfg = Debug|Win32
		{32397664-963C-4236-B036-F53B5C991D55}.Debug|x86.Build.0 = Debug|Win32
		{32397664-963C-4236-B036-F53B5C991D55}.Release|x64.ActiveCfg = Release|x64
		{32397664-963C-4236-B036-F53B5C991D55}.Release|x64.Build.0 = Release|x64
		{32397664-963C-4236-B036-F53B5C991D55}.Release|x86.ActiveCfg = Release|Win32
		{32397664-963C-4236-B036-F53B5C991D55}.Release|x86.Build.0 = Release|Win32
		{1F21E503-7BC7-4AB6-878A-EAFA9EEB1B24}.Debug|x64.ActiveCfg = Debug|x64
		{1F21E503-7BC7-4AB6-878A-EAFA9EEB1B24}.Debug|x64.Build.0 = Debug|x64
		{1F21E503-7BC7-4AB6-878A-EAFA9EEB1B24}.Debug|x86.ActiveCfg = Debug|Win32
		{1F21E503-7BC7-4AB6-878A-EAFA9EEB1B24}.Debug|x86.Build.0 = Debug|Win32
		{1F21E503-7BC7-4AB6-878A-EAFA9EEB1B24}.Release|x64.ActiveCfg = Release|x64
		{1F21E503-7BC7-4AB6-878A-EAFA9EEB1B24}.Release|x64.Build.0 = Release|x64
		{1F21E503-7BC7-4AB6-878A-EAFA9EEB1B24}.Release|x86.ActiveCfg = Release|Win32
		{1F21E503-7BC7-4AB6-878A-EAFA9EEB1B24}.Release|x86.Build.0 = Release|Win32
		{503BD7AE-D42C-48AB-8A7C-BD4921282E96}.Debug|x64.ActiveCfg = Debug|x64
		{503BD7AE-D42C-48AB-8A7C-BD4921282E96}.Debug|x64.Build.0 = Debug|x64
		{503BD7AE-D42C-48AB-8A7C-BD4921282E96}.Debug|x86.ActiveCfg = Debug|Win32
		{503BD7AE-D42C-48AB-8A7C-BD4921282E96}.Debug|x86.Build.0 = Debug|Win32
		{503BD7AE-D42C-48AB-8A7C-BD4921282E96}.Release|x64.ActiveCfg = Release|x64
		{503BD7AE-D42C-48AB-8A7C-BD4921282E96}.Release|x64.Build.0 = Release|x64
		{503BD7AE-D42C-48AB-8A7C-BD4921282E96}.Release|x86.ActiveCfg = Release|Win32
		{503BD7AE-D42C-48AB-8A7C-BD4921282E96}.Release|x86.Build.0 = Release|Win32
		{E8E901A8-FE64-48A1-B480-36B7A54A8F4D}.Debug|x64.ActiveCfg = Debug|x64
		{E8E901A8-FE64-48A1-B480-36B7A54A8F4D}.Debug|x64.Build.0 = Debug|x64
		{E8E901A8-FE64-48A1-B480-36B7A54A8F4D}.Debug|x86.ActiveCfg = Debug|Win32
		{E8E901A8-FE64-48A1-B480-36B7A54A8F4D}.Debug|x86.Build.0 = Debug|Win32
		{E8E901A8-FE64-48A1-B480-36B7A54A8F4D}.Release|x64.ActiveCfg = Release|x64
		{E8E901A8-FE64-48A1-B480-36B7A54A8F4D}.Release|x64.Build.0 = Release|x64
		{E8E901A8-FE64-48A1-B480-36B7A54A8F4D}.Release|x86.ActiveCfg = Release|Win32
		{E8E901A8-FE64-48A1-B480-36B7A54A8F4D}.Release|x86.Build.0 = Release|Win32
		{D4E2587D-147A-4E85-B91D-7AC018742E02}.Debug|x64.ActiveCfg = Debug|x64
		{D4E2587D-147A-4E85-B91D-7AC018742E02}.Debug|x64.Build.0 = Debug|x64
		{D4E2587D-147A-4E85-B91D-7AC018742E02}.Debug|x86.ActiveCfg = Debug|Win32
		{D4E2587D-147A-4E85-B91D-7AC018742E02}.Debug|x86.Build.0 = Debug|Win32
		{D4E2587D-147A-4E85-B91D-7AC018742E02}.Release|x64.ActiveCfg = Release|x64
		{D4E2587D-147A-4E85-B91D-7AC018742E02}.Release|x64.Build.0 = Release|x64
		{D4E2587D-147A-4E85-B91D-7AC018742E02}.Release|x86.ActiveCfg = Release|Win32
		{D4E2587D-147A-4E85-B91D-7AC018742E02}.Release|x86.Build.0 = Release|Win32
		{660107EA-4486-4C23-85F6-5EE5F770A1CD}.Debug|x64.ActiveCfg = Debug|x64
		{660107EA-4486-4C23-85F6-5EE5F770A1CD}.Debug|x64.Build.0 = Debug|x64
		{660107EA-4486-4C23-85F6-5EE5F770A1CD}.Debug|x86.ActiveCfg = Debug|Win32
		{660107EA-4486-4C23-85F6-5EE5F770A1CD}.Debug|x86.Build.0 = Debug|Win32
		{660107EA-4486-4C23-85F6-5EE5F770A1CD}.Release|x64.ActiveCfg = Release|x64
		{660107EA-4486-4C23-85F6-5EE5F770A1CD}.Release|x64.Build.0 = Release|x64
		{660107EA-4486-4C23-85F6-5EE5F770A1CD}.Release|x86.ActiveCfg = Release|Win32
		{660107EA-4486-4C23-85F6-5EE5F770A1CD}.Release|x86.Build.0 = Release|Win32
		{5414C45E-7335-4E42-8E36-9FBFDDB752E2}.Debug|x64.ActiveCfg = Debug|x64
		{5414C45E-7335-4E42-8E36-9FBFDDB752E2}.Debug|x64.Build.0 = Debug|x64
		{5414C45E-7335-4E42-8E36-9FBFDDB752E2}.Debug|x86.ActiveCfg = Debug|Win32
		{5414C45E-7335-4E42-8E36-9FBFDDB752E2}.Debug|x86.Build.0 = Debug|Win32
		{5414C45E-7335-4E42-8E36-9FBFDDB752E2}.Release|x64.ActiveCfg = Release|x64
		{5414C45E-7335-4E42-8E36-9FBFDDB752E2}.Release|x64.Build.0 = Release|x64
		{5414C45E-7335-4E42-8E36-9FBFDDB752E2}.Release|x86.ActiveCfg = Release|Win32
		{5414C45E-7335-4E42-8E36-9FBFDDB752E2}.Release|x86.Build.0 = Release|Win32
	EndGlobalSection
	GlobalSection(SolutionProperties) = preSolution
		HideSolutionNode = FALSE
	EndGlobalSection
	GlobalSection(ExtensibilityGlobals) = postSolution
		SolutionGuid = {1FC8F8F2-A34C-4C3B-9070-2043CFBD2ECE}
	EndGlobalSection
EndGlobal
